
Microsoft Visual Studio Solution File, Format Version 12.00
# Visual Studio Version 16
VisualStudioVersion = 16.0.29201.188
MinimumVisualStudioVersion = 10.0.40219.1
Project("{FAE04EC0-301F-11D3-BF4B-00C04F79EFBC}") = "StudentExerciesesMVC", "StudentExerciesesMVC\StudentExerciesesMVC.csproj", "{AF3760C2-BC9A-401A-A954-6456B6597DBD}"
EndProject
Global
	GlobalSection(SolutionConfigurationPlatforms) = preSolution
		Debug|Any CPU = Debug|Any CPU
		Release|Any CPU = Release|Any CPU
	EndGlobalSection
	GlobalSection(ProjectConfigurationPlatforms) = postSolution
		{AF3760C2-BC9A-401A-A954-6456B6597DBD}.Debug|Any CPU.ActiveCfg = Debug|Any CPU
		{AF3760C2-BC9A-401A-A954-6456B6597DBD}.Debug|Any CPU.Build.0 = Debug|Any CPU
		{AF3760C2-BC9A-401A-A954-6456B6597DBD}.Release|Any CPU.ActiveCfg = Release|Any CPU
		{AF3760C2-BC9A-401A-A954-6456B6597DBD}.Release|Any CPU.Build.0 = Release|Any CPU
	EndGlobalSection
	GlobalSection(SolutionProperties) = preSolution
		HideSolutionNode = FALSE
	EndGlobalSection
	GlobalSection(ExtensibilityGlobals) = postSolution
		SolutionGuid = {AE48493B-5230-4DD7-A20F-2FFFB6B6BC50}
	EndGlobalSection
EndGlobal
